
Microsoft Visual Studio Solution File, Format Version 12.00
# Visual Studio 15
VisualStudioVersion = 15.0.28307.1231
MinimumVisualStudioVersion = 10.0.40219.1
Project("{FAE04EC0-301F-11D3-BF4B-00C04F79EFBC}") = "Tutorial.Kafka.Producer", "Tutorial.Kafka.Producer\Tutorial.Kafka.Producer.csproj", "{F7EEAEE8-B55B-4301-A534-62326D7D30FB}"
EndProject
Project("{FAE04EC0-301F-11D3-BF4B-00C04F79EFBC}") = "Tutorial.Kafka.Consumer", "Tutorial.Kafka.Consumer\Tutorial.Kafka.Consumer.csproj", "{68BC4C61-9A23-469F-A1CB-61C23C6BD352}"
EndProject
Global
	GlobalSection(SolutionConfigurationPlatforms) = preSolution
		Debug|Any CPU = Debug|Any CPU
		Release|Any CPU = Release|Any CPU
	EndGlobalSection
	GlobalSection(ProjectConfigurationPlatforms) = postSolution
		{F7EEAEE8-B55B-4301-A534-62326D7D30FB}.Debug|Any CPU.ActiveCfg = Debug|Any CPU
		{F7EEAEE8-B55B-4301-A534-62326D7D30FB}.Debug|Any CPU.Build.0 = Debug|Any CPU
		{F7EEAEE8-B55B-4301-A534-62326D7D30FB}.Release|Any CPU.ActiveCfg = Release|Any CPU
		{F7EEAEE8-B55B-4301-A534-62326D7D30FB}.Release|Any CPU.Build.0 = Release|Any CPU
		{68BC4C61-9A23-469F-A1CB-61C23C6BD352}.Debug|Any CPU.ActiveCfg = Debug|Any CPU
		{68BC4C61-9A23-469F-A1CB-61C23C6BD352}.Debug|Any CPU.Build.0 = Debug|Any CPU
		{68BC4C61-9A23-469F-A1CB-61C23C6BD352}.Release|Any CPU.ActiveCfg = Release|Any CPU
		{68BC4C61-9A23-469F-A1CB-61C23C6BD352}.Release|Any CPU.Build.0 = Release|Any CPU
	EndGlobalSection
	GlobalSection(SolutionProperties) = preSolution
		HideSolutionNode = FALSE
	EndGlobalSection
	GlobalSection(ExtensibilityGlobals) = postSolution
		SolutionGuid = {74185D1E-A468-4EFD-A0EE-9949F1D55047}
	EndGlobalSection
EndGlobal
